
Microsoft Visual Studio Solution File, Format Version 12.00
# Visual Studio Version 16
VisualStudioVersion = 16.0.31321.278
MinimumVisualStudioVersion = 10.0.40219.1
Project("{9A19103F-16F7-4668-BE54-9A1E7A4F7556}") = "Simple.Artifact.Publisher", "Simple.Artifact.Publisher.csproj", "{5D72B526-C4BC-4D72-B700-105E82F7D701}"
EndProject
Project("{FAE04EC0-301F-11D3-BF4B-00C04F79EFBC}") = "Simple.Artifact.Publisher.Client", "..\Simple.Artifact.Publisher.Client\Simple.Artifact.Publisher.Client.csproj", "{831C733F-1CD4-4209-B561-5CCEF8961439}"
EndProject
Global
	GlobalSection(SolutionConfigurationPlatforms) = preSolution
		Debug|Any CPU = Debug|Any CPU
		Release|Any CPU = Release|Any CPU
	EndGlobalSection
	GlobalSection(ProjectConfigurationPlatforms) = postSolution
		{5D72B526-C4BC-4D72-B700-105E82F7D701}.Debug|Any CPU.ActiveCfg = Debug|Any CPU
		{5D72B526-C4BC-4D72-B700-105E82F7D701}.Debug|Any CPU.Build.0 = Debug|Any CPU
		{5D72B526-C4BC-4D72-B700-105E82F7D701}.Release|Any CPU.ActiveCfg = Release|Any CPU
		{5D72B526-C4BC-4D72-B700-105E82F7D701}.Release|Any CPU.Build.0 = Release|Any CPU
		{831C733F-1CD4-4209-B561-5CCEF8961439}.Debug|Any CPU.ActiveCfg = Debug|Any CPU
		{831C733F-1CD4-4209-B561-5CCEF8961439}.Debug|Any CPU.Build.0 = Debug|Any CPU
		{831C733F-1CD4-4209-B561-5CCEF8961439}.Release|Any CPU.ActiveCfg = Release|Any CPU
		{831C733F-1CD4-4209-B561-5CCEF8961439}.Release|Any CPU.Build.0 = Release|Any CPU
	EndGlobalSection
	GlobalSection(SolutionProperties) = preSolution
		HideSolutionNode = FALSE
	EndGlobalSection
	GlobalSection(ExtensibilityGlobals) = postSolution
		SolutionGuid = {E69A78D6-24EB-402F-878F-B5E4E3777487}
	EndGlobalSection
EndGlobal
